
Microsoft Visual Studio Solution File, Format Version 12.00
# Visual Studio Version 17
VisualStudioVersion = 17.3.32819.101
MinimumVisualStudioVersion = 10.0.40219.1
Project("{FAE04EC0-301F-11D3-BF4B-00C04F79EFBC}") = "组合模式", "组合模式\组合模式.csproj", "{36767C6E-4EE9-4374-9D05-59C3077F8EB6}"
EndProject
Global
	GlobalSection(SolutionConfigurationPlatforms) = preSolution
		Debug|Any CPU = Debug|Any CPU
		Release|Any CPU = Release|Any CPU
	EndGlobalSection
	GlobalSection(ProjectConfigurationPlatforms) = postSolution
		{36767C6E-4EE9-4374-9D05-59C3077F8EB6}.Debug|Any CPU.ActiveCfg = Debug|Any CPU
		{36767C6E-4EE9-4374-9D05-59C3077F8EB6}.Debug|Any CPU.Build.0 = Debug|Any CPU
		{36767C6E-4EE9-4374-9D05-59C3077F8EB6}.Release|Any CPU.ActiveCfg = Release|Any CPU
		{36767C6E-4EE9-4374-9D05-59C3077F8EB6}.Release|Any CPU.Build.0 = Release|Any CPU
	EndGlobalSection
	GlobalSection(SolutionProperties) = preSolution
		HideSolutionNode = FALSE
	EndGlobalSection
	GlobalSection(ExtensibilityGlobals) = postSolution
		SolutionGuid = {6B69AE17-A381-4FF4-A669-8E48930B4ADA}
	EndGlobalSection
EndGlobal
