
Microsoft Visual Studio Solution File, Format Version 12.00
# Visual Studio Version 17
VisualStudioVersion = 17.3.32819.101
MinimumVisualStudioVersion = 10.0.40219.1
Project("{FAE04EC0-301F-11D3-BF4B-00C04F79EFBC}") = "桥接模式", "桥接模式\桥接模式.csproj", "{5311CF0F-4C5F-4D2D-A0A7-1586AD8AA23B}"
EndProject
Global
	GlobalSection(SolutionConfigurationPlatforms) = preSolution
		Debug|Any CPU = Debug|Any CPU
		Release|Any CPU = Release|Any CPU
	EndGlobalSection
	GlobalSection(ProjectConfigurationPlatforms) = postSolution
		{5311CF0F-4C5F-4D2D-A0A7-1586AD8AA23B}.Debug|Any CPU.ActiveCfg = Debug|Any CPU
		{5311CF0F-4C5F-4D2D-A0A7-1586AD8AA23B}.Debug|Any CPU.Build.0 = Debug|Any CPU
		{5311CF0F-4C5F-4D2D-A0A7-1586AD8AA23B}.Release|Any CPU.ActiveCfg = Release|Any CPU
		{5311CF0F-4C5F-4D2D-A0A7-1586AD8AA23B}.Release|Any CPU.Build.0 = Release|Any CPU
	EndGlobalSection
	GlobalSection(SolutionProperties) = preSolution
		HideSolutionNode = FALSE
	EndGlobalSection
	GlobalSection(ExtensibilityGlobals) = postSolution
		SolutionGuid = {278A6A18-4528-4C0B-B7B7-3E575E44D21A}
	EndGlobalSection
EndGlobal
