
Microsoft Visual Studio Solution File, Format Version 12.00
# Visual Studio Version 17
VisualStudioVersion = 17.3.32819.101
MinimumVisualStudioVersion = 10.0.40219.1
Project("{FAE04EC0-301F-11D3-BF4B-00C04F79EFBC}") = "责任链模式", "责任链模式\责任链模式.csproj", "{1B69AD23-10B8-4623-8765-625C116B69B9}"
EndProject
Global
	GlobalSection(SolutionConfigurationPlatforms) = preSolution
		Debug|Any CPU = Debug|Any CPU
		Release|Any CPU = Release|Any CPU
	EndGlobalSection
	GlobalSection(ProjectConfigurationPlatforms) = postSolution
		{1B69AD23-10B8-4623-8765-625C116B69B9}.Debug|Any CPU.ActiveCfg = Debug|Any CPU
		{1B69AD23-10B8-4623-8765-625C116B69B9}.Debug|Any CPU.Build.0 = Debug|Any CPU
		{1B69AD23-10B8-4623-8765-625C116B69B9}.Release|Any CPU.ActiveCfg = Release|Any CPU
		{1B69AD23-10B8-4623-8765-625C116B69B9}.Release|Any CPU.Build.0 = Release|Any CPU
	EndGlobalSection
	GlobalSection(SolutionProperties) = preSolution
		HideSolutionNode = FALSE
	EndGlobalSection
	GlobalSection(ExtensibilityGlobals) = postSolution
		SolutionGuid = {CB213465-40BF-4A82-9581-98D440CC0BE8}
	EndGlobalSection
EndGlobal
