
Microsoft Visual Studio Solution File, Format Version 12.00
# Visual Studio Version 17
VisualStudioVersion = 17.3.32819.101
MinimumVisualStudioVersion = 10.0.40219.1
Project("{FAE04EC0-301F-11D3-BF4B-00C04F79EFBC}") = "装饰者", "装饰者\装饰者.csproj", "{62012383-9A37-44EA-8F0B-E768E96F568A}"
EndProject
Global
	GlobalSection(SolutionConfigurationPlatforms) = preSolution
		Debug|Any CPU = Debug|Any CPU
		Release|Any CPU = Release|Any CPU
	EndGlobalSection
	GlobalSection(ProjectConfigurationPlatforms) = postSolution
		{62012383-9A37-44EA-8F0B-E768E96F568A}.Debug|Any CPU.ActiveCfg = Debug|Any CPU
		{62012383-9A37-44EA-8F0B-E768E96F568A}.Debug|Any CPU.Build.0 = Debug|Any CPU
		{62012383-9A37-44EA-8F0B-E768E96F568A}.Release|Any CPU.ActiveCfg = Release|Any CPU
		{62012383-9A37-44EA-8F0B-E768E96F568A}.Release|Any CPU.Build.0 = Release|Any CPU
	EndGlobalSection
	GlobalSection(SolutionProperties) = preSolution
		HideSolutionNode = FALSE
	EndGlobalSection
	GlobalSection(ExtensibilityGlobals) = postSolution
		SolutionGuid = {018A8448-42AC-4FAE-8455-64CF98B2434B}
	EndGlobalSection
EndGlobal
